
Microsoft Visual Studio Solution File, Format Version 12.00
# Visual Studio Version 17
VisualStudioVersion = 17.0.32112.339
MinimumVisualStudioVersion = 10.0.40219.1
Project("{FAE04EC0-301F-11D3-BF4B-00C04F79EFBC}") = "Fallunterscheidungen", "Fallunterscheidungen.csproj", "{EF40C8D0-6C9C-4B7C-ACF4-DE1E69743700}"
EndProject
Global
	GlobalSection(SolutionConfigurationPlatforms) = preSolution
		Debug|Any CPU = Debug|Any CPU
		Release|Any CPU = Release|Any CPU
	EndGlobalSection
	GlobalSection(ProjectConfigurationPlatforms) = postSolution
		{EF40C8D0-6C9C-4B7C-ACF4-DE1E69743700}.Debug|Any CPU.ActiveCfg = Debug|Any CPU
		{EF40C8D0-6C9C-4B7C-ACF4-DE1E69743700}.Debug|Any CPU.Build.0 = Debug|Any CPU
		{EF40C8D0-6C9C-4B7C-ACF4-DE1E69743700}.Release|Any CPU.ActiveCfg = Release|Any CPU
		{EF40C8D0-6C9C-4B7C-ACF4-DE1E69743700}.Release|Any CPU.Build.0 = Release|Any CPU
	EndGlobalSection
	GlobalSection(SolutionProperties) = preSolution
		HideSolutionNode = FALSE
	EndGlobalSection
	GlobalSection(ExtensibilityGlobals) = postSolution
		SolutionGuid = {FF1F6585-AC35-47D2-9096-A54C2996FC78}
	EndGlobalSection
EndGlobal
